<?xml version="1.0" encoding="utf-8"?>
<Project ToolsVersion="4.0" xmlns="http://schemas.microsoft.com/developer/msbuild/2003">
  <ItemGroup>
    <ClCompile Include="driver.cpp" />
  </ItemGroup>
  <ItemGroup>
    <ClInclude Include="kernel\crt.hpp" />
    <ClInclude Include="include.hpp" />
    <ClInclude Include="defs.hpp" />
    <ClInclude Include="kernel\modules.hpp" />
    <ClInclude Include="kernel\scanner.hpp" />
    <ClInclude Include="kernel\nt.hpp" />
    <ClInclude Include="kernel\physical\physical.hpp" />
    <ClInclude Include="kernel\physical\cr3.hpp" />
    <ClInclude Include="comm\comm.hpp" />
    <ClInclude Include="hide\thread.hpp" />
    <ClInclude Include="hide\ret.hpp" />
    <ClInclude Include="hide\offsets.hpp" />
    <ClInclude Include="hide\pfn.hpp" />
    <ClInclude Include="hide\strings.hpp" />
  </ItemGroup>
  <ItemGroup>
    <MASM Include="hide\stub.asm" />
  </ItemGroup>
</Project>